<?xml version="1.0"?>
<CONFIG>
  <ProjectOptions>
    <PathDelim Value="\"/>
    <Version Value="7"/>
    <General>
      <Flags>
        <LRSInOutputDirectory Value="False"/>
      </Flags>
      <MainUnit Value="0"/>
      <TargetFileExt Value=""/>
      <Title Value="NeXTTool"/>
      <ActiveEditorIndexAtStart Value="0"/>
    </General>
    <PublishOptions>
      <Version Value="2"/>
      <IgnoreBinaries Value="False"/>
      <IncludeFileFilter Value="*.(pas|pp|inc|lfm|lpr|lrs|lpi|lpk|sh|xml)"/>
      <ExcludeFileFilter Value="*.(bak|ppu|ppw|o|so);*~;backup"/>
    </PublishOptions>
    <RunParams>
      <local>
        <FormatVersion Value="1"/>
        <CommandLineParams Value="\COM=usb -playtone=440"/>
        <LaunchingApplication PathPlusParams="\usr\X11R6\bin\xterm -T 'Lazarus Run Output' -e $(LazarusDir)\tools\runwait.sh $(TargetCmdLine)"/>
      </local>
    </RunParams>
    <RequiredPackages Count="1">
      <Item1>
        <PackageName Value="LCL"/>
      </Item1>
    </RequiredPackages>
    <Units Count="21">
      <Unit0>
        <Filename Value="NeXTTool.dpr"/>
        <IsPartOfProject Value="True"/>
        <UnitName Value="NeXTTool"/>
        <CursorPos X="59" Y="12"/>
        <TopLine Value="9"/>
        <EditorIndex Value="0"/>
        <UsageCount Value="78"/>
        <Loaded Value="True"/>
        <SyntaxHighlighter Value="Delphi"/>
      </Unit0>
      <Unit1>
        <Filename Value=""/>
        <UsageCount Value="10"/>
      </Unit1>
      <Unit2>
        <Filename Value="bricktools\uSpirit.pas"/>
        <IsPartOfProject Value="True"/>
        <UnitName Value="uSpirit"/>
        <CursorPos X="30" Y="79"/>
        <TopLine Value="61"/>
        <UsageCount Value="24"/>
        <SyntaxHighlighter Value="Delphi"/>
      </Unit2>
      <Unit3>
        <Filename Value="bricktools\FantomSpirit.pas"/>
        <IsPartOfProject Value="True"/>
        <UnitName Value="FantomSpirit"/>
        <CursorPos X="24" Y="1575"/>
        <TopLine Value="1552"/>
        <UsageCount Value="37"/>
        <SyntaxHighlighter Value="Delphi"/>
      </Unit3>
      <Unit4>
        <Filename Value="bricktools\libusb.pas"/>
        <UnitName Value="libusb"/>
        <CursorPos X="65" Y="11"/>
        <TopLine Value="1"/>
        <UsageCount Value="20"/>
      </Unit4>
      <Unit5>
        <Filename Value="uCommonUtils.pas"/>
        <IsPartOfProject Value="True"/>
        <UnitName Value="uCommonUtils"/>
        <CursorPos X="1" Y="1"/>
        <TopLine Value="1"/>
        <UsageCount Value="20"/>
      </Unit5>
      <Unit6>
        <Filename Value="uCmdLineUtils.pas"/>
        <IsPartOfProject Value="True"/>
        <UnitName Value="uCmdLineUtils"/>
        <CursorPos X="1" Y="1"/>
        <TopLine Value="1"/>
        <UsageCount Value="20"/>
        <SyntaxHighlighter Value="Delphi"/>
      </Unit6>
      <Unit7>
        <Filename Value="ParamUtils.pas"/>
        <IsPartOfProject Value="True"/>
        <UnitName Value="ParamUtils"/>
        <CursorPos X="1" Y="156"/>
        <TopLine Value="141"/>
        <UsageCount Value="20"/>
        <SyntaxHighlighter Value="Delphi"/>
      </Unit7>
      <Unit8>
        <Filename Value="uVersionInfo.pas"/>
        <IsPartOfProject Value="True"/>
        <UnitName Value="uVersionInfo"/>
        <CursorPos X="1" Y="1"/>
        <TopLine Value="1"/>
        <UsageCount Value="20"/>
        <SyntaxHighlighter Value="Delphi"/>
      </Unit8>
      <Unit9>
        <Filename Value="NXT\uNXTConstants.pas"/>
        <IsPartOfProject Value="True"/>
        <UnitName Value="uNXTConstants"/>
        <CursorPos X="63" Y="1410"/>
        <TopLine Value="1387"/>
        <UsageCount Value="20"/>
        <SyntaxHighlighter Value="Delphi"/>
      </Unit9>
      <Unit10>
        <Filename Value="bricktools\rcx_cmd.pas"/>
        <UnitName Value="rcx_cmd"/>
        <CursorPos X="3" Y="801"/>
        <TopLine Value="796"/>
        <UsageCount Value="24"/>
      </Unit10>
      <Unit11>
        <Filename Value="nexttool_preproc.inc"/>
        <CursorPos X="1" Y="3"/>
        <TopLine Value="1"/>
        <UsageCount Value="7"/>
      </Unit11>
      <Unit12>
        <Filename Value="bricktools\FakeSpirit.pas"/>
        <UnitName Value="FakeSpirit"/>
        <CursorPos X="1" Y="3466"/>
        <TopLine Value="3436"/>
        <UsageCount Value="11"/>
      </Unit12>
      <Unit13>
        <Filename Value="bricktools\rcx_link.pas"/>
        <UnitName Value="rcx_link"/>
        <CursorPos X="3" Y="751"/>
        <TopLine Value="741"/>
        <UsageCount Value="5"/>
      </Unit13>
      <Unit14>
        <Filename Value="bricktools\FANTOM.pas"/>
        <UnitName Value="FANTOM"/>
        <CursorPos X="1" Y="1"/>
        <TopLine Value="1"/>
        <UsageCount Value="5"/>
      </Unit14>
      <Unit15>
        <Filename Value="bricktools\NQCSerial.pas"/>
        <UnitName Value="NQCSerial"/>
        <CursorPos X="17" Y="402"/>
        <TopLine Value="389"/>
        <UsageCount Value="30"/>
      </Unit15>
      <Unit16>
        <Filename Value="bricktools\posixserial.pas"/>
        <IsPartOfProject Value="True"/>
        <UnitName Value="posixserial"/>
        <CursorPos X="1" Y="5"/>
        <TopLine Value="1"/>
        <UsageCount Value="72"/>
        <SyntaxHighlighter Value="Delphi"/>
      </Unit16>
      <Unit17>
        <Filename Value="bricktools\link.pas"/>
        <IsPartOfProject Value="True"/>
        <UnitName Value="link"/>
        <CursorPos X="3" Y="182"/>
        <TopLine Value="159"/>
        <UsageCount Value="65"/>
        <SyntaxHighlighter Value="Delphi"/>
      </Unit17>
      <Unit18>
        <Filename Value="C:\apps\lazarus\fpc\2.1.3\source\rtl\win\wininc\struct.inc"/>
        <CursorPos X="1" Y="1"/>
        <TopLine Value="1"/>
        <UsageCount Value="8"/>
      </Unit18>
      <Unit19>
        <Filename Value="bricktools\rcx_constants.pas"/>
        <UnitName Value="rcx_constants"/>
        <CursorPos X="3" Y="225"/>
        <TopLine Value="210"/>
        <UsageCount Value="17"/>
      </Unit19>
      <Unit20>
        <Filename Value="NXT\uNXTClasses.pas"/>
        <UnitName Value="uNXTClasses"/>
        <CursorPos X="1" Y="1374"/>
        <TopLine Value="1342"/>
        <UsageCount Value="10"/>
      </Unit20>
    </Units>
    <JumpHistory Count="0" HistoryIndex="-1"/>
  </ProjectOptions>
  <CompilerOptions>
    <Version Value="8"/>
    <PathDelim Value="\"/>
    <SearchPaths>
      <IncludeFiles Value="bricktools\;NXT\"/>
      <Libraries Value="bricktools\"/>
      <OtherUnitFiles Value="bricktools\;NXT\"/>
      <ObjectPath Value="bricktools\"/>
    </SearchPaths>
    <Parsing>
      <SyntaxOptions>
        <SyntaxMode Value="Delphi"/>
        <UseAnsiStrings Value="True"/>
      </SyntaxOptions>
    </Parsing>
    <CodeGeneration>
      <TargetCPU Value="i386"/>
    </CodeGeneration>
    <Linking>
      <Debugging>
        <GenerateDebugInfo Value="True"/>
      </Debugging>
      <Options>
        <Win32>
          <GraphicApplication Value="True"/>
        </Win32>
      </Options>
    </Linking>
    <Other>
      <CompilerPath Value="$(CompPath)"/>
    </Other>
  </CompilerOptions>
  <Debugging>
    <BreakPoints Count="8">
      <Item1>
        <Source Value="NXT\nbc.dpr"/>
        <Line Value="114"/>
      </Item1>
      <Item2>
        <Source Value="NXT\nbc.dpr"/>
        <Line Value="297"/>
      </Item2>
      <Item3>
        <Source Value="NeXTTool.dpr"/>
        <Line Value="335"/>
      </Item3>
      <Item4>
        <Source Value="NeXTTool.dpr"/>
        <Line Value="482"/>
      </Item4>
      <Item5>
        <Source Value="NeXTTool.dpr"/>
        <Line Value="278"/>
      </Item5>
      <Item6>
        <Source Value="bricktools\FantomSpirit.pas"/>
        <Line Value="688"/>
      </Item6>
      <Item7>
        <Source Value="bricktools\FantomSpirit.pas"/>
        <Line Value="630"/>
      </Item7>
      <Item8>
        <Source Value="bricktools\FANTOMFPC.pas"/>
        <Line Value="2876"/>
      </Item8>
    </BreakPoints>
    <Watches Count="2">
      <Item1>
        <Expression Value="name"/>
      </Item1>
      <Item2>
        <Expression Value="PByte(PChar(Buffer)+0)^"/>
      </Item2>
    </Watches>
    <Exceptions Count="2">
      <Item1>
        <Name Value="ECodetoolError"/>
      </Item1>
      <Item2>
        <Name Value="EFOpenError"/>
      </Item2>
    </Exceptions>
  </Debugging>
</CONFIG>
