<?xml version="1.0"?>
<CONFIG>
  <ProjectOptions>
    <PathDelim Value="\"/>
    <Version Value="7"/>
    <General>
      <Flags>
        <LRSInOutputDirectory Value="False"/>
      </Flags>
      <MainUnit Value="0"/>
      <TargetFileExt Value=""/>
      <Title Value="NBC"/>
      <ActiveEditorIndexAtStart Value="2"/>
    </General>
    <PublishOptions>
      <Version Value="2"/>
      <DestinationDirectory Value="$(TestDir)\publishedproject\"/>
      <IgnoreBinaries Value="False"/>
      <IncludeFileFilter Value="*.(pas|pp|inc|lfm|lpr|lrs|lpi|lpk|sh|xml)"/>
      <ExcludeFileFilter Value="*.(bak|ppu|ppw|o|so);*~;backup"/>
    </PublishOptions>
    <RunParams>
      <local>
        <FormatVersion Value="1"/>
        <CommandLineParams Value="d:\nxt\nxt\programs\imptest.rs -I=d:\nxt\nxt\programs"/>
        <LaunchingApplication PathPlusParams="\usr\X11R6\bin\xterm -T 'Lazarus Run Output' -e $(LazarusDir)\tools\runwait.sh $(TargetCmdLine)"/>
      </local>
    </RunParams>
    <Units Count="17">
      <Unit0>
        <Filename Value="nbc.dpr"/>
        <IsPartOfProject Value="True"/>
        <UnitName Value="nbc"/>
        <CursorPos X="1" Y="197"/>
        <TopLine Value="179"/>
        <EditorIndex Value="0"/>
        <UsageCount Value="29"/>
        <Loaded Value="True"/>
        <SyntaxHighlighter Value="Delphi"/>
      </Unit0>
      <Unit1>
        <Filename Value="..\mwGenericLex.pas"/>
        <UnitName Value="mwGenericLex"/>
        <CursorPos X="1" Y="975"/>
        <TopLine Value="962"/>
        <UsageCount Value="10"/>
        <SyntaxHighlighter Value="Delphi"/>
      </Unit1>
      <Unit2>
        <Filename Value="..\uCommonUtils.pas"/>
        <UnitName Value="uCommonUtils"/>
        <CursorPos X="41" Y="85"/>
        <TopLine Value="72"/>
        <UsageCount Value="11"/>
        <SyntaxHighlighter Value="Delphi"/>
      </Unit2>
      <Unit3>
        <Filename Value="..\uVersionInfo.pas"/>
        <UnitName Value="uVersionInfo"/>
        <CursorPos X="44" Y="22"/>
        <TopLine Value="15"/>
        <UsageCount Value="10"/>
        <SyntaxHighlighter Value="Delphi"/>
      </Unit3>
      <Unit4>
        <Filename Value="uPreprocess.pas"/>
        <UnitName Value="uPreprocess"/>
        <CursorPos X="34" Y="636"/>
        <TopLine Value="628"/>
        <UsageCount Value="10"/>
        <SyntaxHighlighter Value="Delphi"/>
      </Unit4>
      <Unit5>
        <Filename Value="uNXTClasses.pas"/>
        <UnitName Value="uNXTClasses"/>
        <CursorPos X="31" Y="1100"/>
        <TopLine Value="1082"/>
        <UsageCount Value="10"/>
        <SyntaxHighlighter Value="Delphi"/>
      </Unit5>
      <Unit6>
        <Filename Value="P10Build.pas"/>
        <UnitName Value="P10Build"/>
        <CursorPos X="28" Y="1648"/>
        <TopLine Value="1630"/>
        <UsageCount Value="10"/>
        <SyntaxHighlighter Value="Delphi"/>
      </Unit6>
      <Unit7>
        <Filename Value="C:\lazarus\fpcsrc\rtl\objpas\classes\classesh.inc"/>
        <CursorPos X="32" Y="530"/>
        <TopLine Value="528"/>
        <UsageCount Value="10"/>
      </Unit7>
      <Unit8>
        <Filename Value="C:\lazarus\fpcsrc\rtl\objpas\classes\stringl.inc"/>
        <CursorPos X="26" Y="1111"/>
        <TopLine Value="1108"/>
        <UsageCount Value="10"/>
      </Unit8>
      <Unit9>
        <Filename Value="C:\lazarus\fpcsrc\rtl\win32\classes.pp"/>
        <UnitName Value="Classes"/>
        <CursorPos X="9" Y="32"/>
        <TopLine Value="16"/>
        <UsageCount Value="10"/>
      </Unit9>
      <Unit10>
        <Filename Value="uTiny.pas"/>
        <UnitName Value="uTiny"/>
        <CursorPos X="1" Y="2294"/>
        <TopLine Value="2281"/>
        <UsageCount Value="10"/>
        <SyntaxHighlighter Value="Delphi"/>
      </Unit10>
      <Unit11>
        <Filename Value="uRICComp.pas"/>
        <UnitName Value="uRICComp"/>
        <CursorPos X="1" Y="539"/>
        <TopLine Value="521"/>
        <EditorIndex Value="2"/>
        <UsageCount Value="12"/>
        <Loaded Value="True"/>
        <SyntaxHighlighter Value="Delphi"/>
      </Unit11>
      <Unit12>
        <Filename Value="C:\lazarus\fpc\2.2.2\source\packages\fcl-image\src\fpreadbmp.pp"/>
        <UnitName Value="FPReadBMP"/>
        <CursorPos X="50" Y="3"/>
        <TopLine Value="1"/>
        <UsageCount Value="10"/>
      </Unit12>
      <Unit13>
        <Filename Value="uNBCCommon.pas"/>
        <UnitName Value="uNBCCommon"/>
        <CursorPos X="42" Y="2"/>
        <TopLine Value="1"/>
        <UsageCount Value="12"/>
        <SyntaxHighlighter Value="Delphi"/>
      </Unit13>
      <Unit14>
        <Filename Value="C:\lazarus\fpc\2.2.2\source\packages\fcl-image\src\fpimage.pp"/>
        <UnitName Value="FPimage"/>
        <CursorPos X="3" Y="30"/>
        <TopLine Value="12"/>
        <UsageCount Value="10"/>
      </Unit14>
      <Unit15>
        <Filename Value="C:\lazarus\fpc\2.2.2\source\packages\fcl-image\src\fpimage.inc"/>
        <CursorPos X="19" Y="432"/>
        <TopLine Value="429"/>
        <UsageCount Value="10"/>
      </Unit15>
      <Unit16>
        <Filename Value="uNBCInterface.pas"/>
        <UnitName Value="uNBCInterface"/>
        <CursorPos X="1" Y="437"/>
        <TopLine Value="419"/>
        <EditorIndex Value="1"/>
        <UsageCount Value="10"/>
        <Loaded Value="True"/>
        <SyntaxHighlighter Value="Delphi"/>
      </Unit16>
    </Units>
    <JumpHistory Count="29" HistoryIndex="28">
      <Position1>
        <Filename Value="uRICComp.pas"/>
        <Caret Line="538" Column="1" TopLine="520"/>
      </Position1>
      <Position2>
        <Filename Value="uRICComp.pas"/>
        <Caret Line="539" Column="1" TopLine="521"/>
      </Position2>
      <Position3>
        <Filename Value="uRICComp.pas"/>
        <Caret Line="540" Column="1" TopLine="522"/>
      </Position3>
      <Position4>
        <Filename Value="uRICComp.pas"/>
        <Caret Line="541" Column="1" TopLine="523"/>
      </Position4>
      <Position5>
        <Filename Value="uRICComp.pas"/>
        <Caret Line="542" Column="1" TopLine="524"/>
      </Position5>
      <Position6>
        <Filename Value="uRICComp.pas"/>
        <Caret Line="543" Column="1" TopLine="525"/>
      </Position6>
      <Position7>
        <Filename Value="uRICComp.pas"/>
        <Caret Line="537" Column="1" TopLine="519"/>
      </Position7>
      <Position8>
        <Filename Value="uRICComp.pas"/>
        <Caret Line="538" Column="1" TopLine="520"/>
      </Position8>
      <Position9>
        <Filename Value="uRICComp.pas"/>
        <Caret Line="539" Column="1" TopLine="521"/>
      </Position9>
      <Position10>
        <Filename Value="uRICComp.pas"/>
        <Caret Line="540" Column="1" TopLine="522"/>
      </Position10>
      <Position11>
        <Filename Value="uRICComp.pas"/>
        <Caret Line="541" Column="1" TopLine="523"/>
      </Position11>
      <Position12>
        <Filename Value="uRICComp.pas"/>
        <Caret Line="542" Column="1" TopLine="524"/>
      </Position12>
      <Position13>
        <Filename Value="uRICComp.pas"/>
        <Caret Line="543" Column="1" TopLine="525"/>
      </Position13>
      <Position14>
        <Filename Value="uRICComp.pas"/>
        <Caret Line="537" Column="1" TopLine="519"/>
      </Position14>
      <Position15>
        <Filename Value="uRICComp.pas"/>
        <Caret Line="538" Column="1" TopLine="520"/>
      </Position15>
      <Position16>
        <Filename Value="uRICComp.pas"/>
        <Caret Line="539" Column="1" TopLine="521"/>
      </Position16>
      <Position17>
        <Filename Value="uRICComp.pas"/>
        <Caret Line="540" Column="1" TopLine="522"/>
      </Position17>
      <Position18>
        <Filename Value="uRICComp.pas"/>
        <Caret Line="541" Column="1" TopLine="523"/>
      </Position18>
      <Position19>
        <Filename Value="uRICComp.pas"/>
        <Caret Line="542" Column="1" TopLine="524"/>
      </Position19>
      <Position20>
        <Filename Value="uRICComp.pas"/>
        <Caret Line="538" Column="21" TopLine="508"/>
      </Position20>
      <Position21>
        <Filename Value="uRICComp.pas"/>
        <Caret Line="539" Column="1" TopLine="523"/>
      </Position21>
      <Position22>
        <Filename Value="nbc.dpr"/>
        <Caret Line="197" Column="1" TopLine="179"/>
      </Position22>
      <Position23>
        <Filename Value="uRICComp.pas"/>
        <Caret Line="1710" Column="1" TopLine="1692"/>
      </Position23>
      <Position24>
        <Filename Value="uRICComp.pas"/>
        <Caret Line="522" Column="1" TopLine="504"/>
      </Position24>
      <Position25>
        <Filename Value="uRICComp.pas"/>
        <Caret Line="539" Column="1" TopLine="521"/>
      </Position25>
      <Position26>
        <Filename Value="uRICComp.pas"/>
        <Caret Line="540" Column="1" TopLine="522"/>
      </Position26>
      <Position27>
        <Filename Value="uRICComp.pas"/>
        <Caret Line="541" Column="1" TopLine="523"/>
      </Position27>
      <Position28>
        <Filename Value="uRICComp.pas"/>
        <Caret Line="542" Column="1" TopLine="524"/>
      </Position28>
      <Position29>
        <Filename Value="uRICComp.pas"/>
        <Caret Line="543" Column="1" TopLine="525"/>
      </Position29>
    </JumpHistory>
  </ProjectOptions>
  <CompilerOptions>
    <Version Value="8"/>
    <PathDelim Value="\"/>
    <SearchPaths>
      <OtherUnitFiles Value="..\"/>
    </SearchPaths>
    <Parsing>
      <SyntaxOptions>
        <SyntaxMode Value="Delphi"/>
        <CStyleOperator Value="False"/>
        <UseAnsiStrings Value="True"/>
      </SyntaxOptions>
    </Parsing>
    <Linking>
      <Options>
        <PassLinkerOptions Value="True"/>
      </Options>
    </Linking>
    <Other>
      <CompilerPath Value="$(CompPath)"/>
      <CreateMakefileOnBuild Value="True"/>
    </Other>
  </CompilerOptions>
  <Debugging>
    <BreakPoints Count="2">
      <Item1>
        <Source Value="nbc.dpr"/>
        <Line Value="305"/>
      </Item1>
      <Item2>
        <Source Value="uTiny.pas"/>
        <Line Value="2621"/>
      </Item2>
    </BreakPoints>
    <Exceptions Count="2">
      <Item1>
        <Name Value="ECodetoolError"/>
      </Item1>
      <Item2>
        <Name Value="EFOpenError"/>
      </Item2>
    </Exceptions>
  </Debugging>
</CONFIG>
